
Microsoft Visual Studio Solution File, Format Version 12.00
# Visual Studio Version 17
VisualStudioVersion = 17.3.32811.315
MinimumVisualStudioVersion = 10.0.40219.1
Project("{FAE04EC0-301F-11D3-BF4B-00C04F79EFBC}") = "OneMoreScript", "OneMoreScript\OneMoreScript.csproj", "{EEC40603-0B60-4522-8AAB-97F2758D8031}"
EndProject
Global
	GlobalSection(SolutionConfigurationPlatforms) = preSolution
		Debug|Any CPU = Debug|Any CPU
		Release|Any CPU = Release|Any CPU
	EndGlobalSection
	GlobalSection(ProjectConfigurationPlatforms) = postSolution
		{EEC40603-0B60-4522-8AAB-97F2758D8031}.Debug|Any CPU.ActiveCfg = Debug|Any CPU
		{EEC40603-0B60-4522-8AAB-97F2758D8031}.Debug|Any CPU.Build.0 = Debug|Any CPU
		{EEC40603-0B60-4522-8AAB-97F2758D8031}.Release|Any CPU.ActiveCfg = Release|Any CPU
		{EEC40603-0B60-4522-8AAB-97F2758D8031}.Release|Any CPU.Build.0 = Release|Any CPU
	EndGlobalSection
	GlobalSection(SolutionProperties) = preSolution
		HideSolutionNode = FALSE
	EndGlobalSection
	GlobalSection(ExtensibilityGlobals) = postSolution
		SolutionGuid = {C21768B6-F769-457F-862F-CF55CD10CD2F}
	EndGlobalSection
EndGlobal
